
Microsoft Visual Studio Solution File, Format Version 12.00
# Visual Studio 15
VisualStudioVersion = 15.0.27703.2035
MinimumVisualStudioVersion = 10.0.40219.1
Project("{8BC9CEB8-8B4A-11D0-8D11-00A0C91BC942}") = "POS1", "POS1\POS1.vcxproj", "{D49856C9-EF34-43CF-99C0-DF06333D1BFE}"
EndProject
Global
	GlobalSection(SolutionConfigurationPlatforms) = preSolution
		Debug|x64 = Debug|x64
		Debug|x86 = Debug|x86
		Release|x64 = Release|x64
		Release|x86 = Release|x86
	EndGlobalSection
	GlobalSection(ProjectConfigurationPlatforms) = postSolution
		{D49856C9-EF34-43CF-99C0-DF06333D1BFE}.Debug|x64.ActiveCfg = Debug|x64
		{D49856C9-EF34-43CF-99C0-DF06333D1BFE}.Debug|x64.Build.0 = Debug|x64
		{D49856C9-EF34-43CF-99C0-DF06333D1BFE}.Debug|x86.ActiveCfg = Debug|Win32
		{D49856C9-EF34-43CF-99C0-DF06333D1BFE}.Debug|x86.Build.0 = Debug|Win32
		{D49856C9-EF34-43CF-99C0-DF06333D1BFE}.Release|x64.ActiveCfg = Release|x64
		{D49856C9-EF34-43CF-99C0-DF06333D1BFE}.Release|x64.Build.0 = Release|x64
		{D49856C9-EF34-43CF-99C0-DF06333D1BFE}.Release|x86.ActiveCfg = Release|Win32
		{D49856C9-EF34-43CF-99C0-DF06333D1BFE}.Release|x86.Build.0 = Release|Win32
	EndGlobalSection
	GlobalSection(SolutionProperties) = preSolution
		HideSolutionNode = FALSE
	EndGlobalSection
	GlobalSection(ExtensibilityGlobals) = postSolution
		SolutionGuid = {393E100E-857D-418F-89C0-4A025F93A765}
	EndGlobalSection
EndGlobal
